// !$*UTF8*$!
{
	archiveVersion = 1;
	classes = {
	};
	objectVersion = 46;
	objects = {

/* Begin PBXBuildFile section */
		F11F333C1E702E2D00E8B77E /* main.m in Sources */ = {isa = PBXBuildFile; fileRef = F11F333B1E702E2D00E8B77E /* main.m */; };
		F11F333F1E702E2D00E8B77E /* AppDelegate.m in Sources */ = {isa = PBXBuildFile; fileRef = F11F333E1E702E2D00E8B77E /* AppDelegate.m */; };
		F11F33421E702E2D00E8B77E /* ViewController.m in Sources */ = {isa = PBXBuildFile; fileRef = F11F33411E702E2D00E8B77E /* ViewController.m */; };
		F11F33451E702E2D00E8B77E /* Main.storyboard in Resources */ = {isa = PBXBuildFile; fileRef = F11F33431E702E2D00E8B77E /* Main.storyboard */; };
		F11F33471E702E2D00E8B77E /* Assets.xcassets in Resources */ = {isa = PBXBuildFile; fileRef = F11F33461E702E2D00E8B77E /* Assets.xcassets */; };
		F11F334A1E702E2D00E8B77E /* LaunchScreen.storyboard in Resources */ = {isa = PBXBuildFile; fileRef = F11F33481E702E2D00E8B77E /* LaunchScreen.storyboard */; };
		F11F33551E702E4F00E8B77E /* JPEngine.m in Sources */ = {isa = PBXBuildFile; fileRef = F11F33531E702E4F00E8B77E /* JPEngine.m */; };
		F11F33561E702E4F00E8B77E /* JSPatch.js in Resources */ = {isa = PBXBuildFile; fileRef = F11F33541E702E4F00E8B77E /* JSPatch.js */; };
/* End PBXBuildFile section */

/* Begin PBXFileReference section */
		F11F33371E702E2D00E8B77E /* TestPodFileDemo.app */ = {isa = PBXFileReference; explicitFileType = wrapper.application; includeInIndex = 0; path = TestPodFileDemo.app; sourceTree = BUILT_PRODUCTS_DIR; };
		F11F333B1E702E2D00E8B77E /* main.m */ = {isa = PBXFileReference; lastKnownFileType = sourcecode.c.objc; path = main.m; sourceTree = "<group>"; };
		F11F333D1E702E2D00E8B77E /* AppDelegate.h */ = {isa = PBXFileReference; lastKnownFileType = sourcecode.c.h; path = AppDelegate.h; sourceTree = "<group>"; };
		F11F333E1E702E2D00E8B77E /* AppDelegate.m */ = {isa = PBXFileReference; lastKnownFileType = sourcecode.c.objc; path = AppDelegate.m; sourceTree = "<group>"; };
		F11F33401E702E2D00E8B77E /* ViewController.h */ = {isa = PBXFileReference; lastKnownFileType = sourcecode.c.h; path = ViewController.h; sourceTree = "<group>"; };
		F11F33411E702E2D00E8B77E /* ViewController.m */ = {isa = PBXFileReference; lastKnownFileType = sourcecode.c.objc; path = ViewController.m; sourceTree = "<group>"; };
		F11F33441E702E2D00E8B77E /* Base */ = {isa = PBXFileReference; lastKnownFileType = file.storyboard; name = Base; path = Base.lproj/Main.storyboard; sourceTree = "<group>"; };
		F11F33461E702E2D00E8B77E /* Assets.xcassets */ = {isa = PBXFileReference; lastKnownFileType = folder.assetcatalog; path = Assets.xcassets; sourceTree = "<group>"; };
		F11F33491E702E2D00E8B77E /* Base */ = {isa = PBXFileReference; lastKnownFileType = file.storyboard; name = Base; path = Base.lproj/LaunchScreen.storyboard; sourceTree = "<group>"; };
		F11F334B1E702E2D00E8B77E /* Info.plist */ = {isa = PBXFileReference; lastKnownFileType = text.plist.xml; path = Info.plist; sourceTree = "<group>"; };
		F11F33521E702E4F00E8B77E /* JPEngine.h */ = {isa = PBXFileReference; fileEncoding = 4; lastKnownFileType = sourcecode.c.h; path = JPEngine.h; sourceTree = "<group>"; };
		F11F33531E702E4F00E8B77E /* JPEngine.m */ = {isa = PBXFileReference; fileEncoding = 4; lastKnownFileType = sourcecode.c.objc; path = JPEngine.m; sourceTree = "<group>"; };
		F11F33541E702E4F00E8B77E /* JSPatch.js */ = {isa = PBXFileReference; fileEncoding = 4; lastKnownFileType = sourcecode.javascript; path = JSPatch.js; sourceTree = "<group>"; };
/* End PBXFileReference section */

/* Begin PBXFrameworksBuildPhase section */
		F11F33341E702E2D00E8B77E /* Frameworks */ = {
			isa = PBXFrameworksBuildPhase;
			buildActionMask = 2147483647;
			files = (
			);
			runOnlyForDeploymentPostprocessing = 0;
		};
/* End PBXFrameworksBuildPhase section */

/* Begin PBXGroup section */
		F11F332E1E702E2D00E8B77E = {
			isa = PBXGroup;
			children = (
				F11F33511E702E4F00E8B77E /* JSPatch */,
				F11F33391E702E2D00E8B77E /* TestPodFileDemo */,
				F11F33381E702E2D00E8B77E /* Products */,
			);
			sourceTree = "<group>";
		};
		F11F33381E702E2D00E8B77E /* Products */ = {
			isa = PBXGroup;
			children = (
				F11F33371E702E2D00E8B77E /* TestPodFileDemo.app */,
			);
			name = Products;
			sourceTree = "<group>";
		};
		F11F33391E702E2D00E8B77E /* TestPodFileDemo */ = {
			isa = PBXGroup;
			children = (
				F11F333D1E702E2D00E8B77E /* AppDelegate.h */,
				F11F333E1E702E2D00E8B77E /* AppDelegate.m */,
				F11F33401E702E2D00E8B77E /* ViewController.h */,
				F11F33411E702E2D00E8B77E /* ViewController.m */,
				F11F33431E702E2D00E8B77E /* Main.storyboard */,
				F11F33461E702E2D00E8B77E /* Assets.xcassets */,
				F11F33481E702E2D00E8B77E /* LaunchScreen.storyboard */,
				F11F334B1E702E2D00E8B77E /* Info.plist */,
				F11F333A1E702E2D00E8B77E /* Supporting Files */,
			);
			path = TestPodFileDemo;
			sourceTree = "<group>";
		};
		F11F333A1E702E2D00E8B77E /* Supporting Files */ = {
			isa = PBXGroup;
			children = (
				F11F333B1E702E2D00E8B77E /* main.m */,
			);
			name = "Supporting Files";
			sourceTree = "<group>";
		};
		F11F33511E702E4F00E8B77E /* JSPatch */ = {
			isa = PBXGroup;
			children = (
				F11F33521E702E4F00E8B77E /* JPEngine.h */,
				F11F33531E702E4F00E8B77E /* JPEngine.m */,
				F11F33541E702E4F00E8B77E /* JSPatch.js */,
			);
			path = JSPatch;
			sourceTree = "<group>";
		};
/* End PBXGroup section */

/* Begin PBXNativeTarget section */
		F11F33361E702E2D00E8B77E /* TestPodFileDemo */ = {
			isa = PBXNativeTarget;
			buildConfigurationList = F11F334E1E702E2D00E8B77E /* Build configuration list for PBXNativeTarget "TestPodFileDemo" */;
			buildPhases = (
				F11F33331E702E2D00E8B77E /* Sources */,
				F11F33341E702E2D00E8B77E /* Frameworks */,
				F11F33351E702E2D00E8B77E /* Resources */,
			);
			buildRules = (
			);
			dependencies = (
			);
			name = TestPodFileDemo;
			productName = TestPodFileDemo;
			productReference = F11F33371E702E2D00E8B77E /* TestPodFileDemo.app */;
			productType = "com.apple.product-type.application";
		};
/* End PBXNativeTarget section */

/* Begin PBXProject section */
		F11F332F1E702E2D00E8B77E /* Project object */ = {
			isa = PBXProject;
			attributes = {
				LastUpgradeCheck = 0820;
				ORGANIZATIONNAME = BBAE;
				TargetAttributes = {
					F11F33361E702E2D00E8B77E = {
						CreatedOnToolsVersion = 8.2.1;
						ProvisioningStyle = Automatic;
					};
				};
			};
			buildConfigurationList = F11F33321E702E2D00E8B77E /* Build configuration list for PBXProject "TestPodFileDemo" */;
			compatibilityVersion = "Xcode 3.2";
			developmentRegion = English;
			hasScannedForEncodings = 0;
			knownRegions = (
				en,
				Base,
			);
			mainGroup = F11F332E1E702E2D00E8B77E;
			productRefGroup = F11F33381E702E2D00E8B77E /* Products */;
			projectDirPath = "";
			projectRoot = "";
			targets = (
				F11F33361E702E2D00E8B77E /* TestPodFileDemo */,
			);
		};
/* End PBXProject section */

/* Begin PBXResourcesBuildPhase section */
		F11F33351E702E2D00E8B77E /* Resources */ = {
			isa = PBXResourcesBuildPhase;
			buildActionMask = 2147483647;
			files = (
				F11F334A1E702E2D00E8B77E /* LaunchScreen.storyboard in Resources */,
				F11F33471E702E2D00E8B77E /* Assets.xcassets in Resources */,
				F11F33561E702E4F00E8B77E /* JSPatch.js in Resources */,
				F11F33451E702E2D00E8B77E /* Main.storyboard in Resources */,
			);
			runOnlyForDeploymentPostprocessing = 0;
		};
/* End PBXResourcesBuildPhase section */

/* Begin PBXSourcesBuildPhase section */
		F11F33331E702E2D00E8B77E /* Sources */ = {
			isa = PBXSourcesBuildPhase;
			buildActionMask = 2147483647;
			files = (
				F11F33421E702E2D00E8B77E /* ViewController.m in Sources */,
				F11F33551E702E4F00E8B77E /* JPEngine.m in Sources */,
				F11F333F1E702E2D00E8B77E /* AppDelegate.m in Sources */,
				F11F333C1E702E2D00E8B77E /* main.m in Sources */,
			);
			runOnlyForDeploymentPostprocessing = 0;
		};
/* End PBXSourcesBuildPhase section */

/* Begin PBXVariantGroup section */
		F11F33431E702E2D00E8B77E /* Main.storyboard */ = {
			isa = PBXVariantGroup;
			children = (
				F11F33441E702E2D00E8B77E /* Base */,
			);
			name = Main.storyboard;
			sourceTree = "<group>";
		};
		F11F33481E702E2D00E8B77E /* LaunchScreen.storyboard */ = {
			isa = PBXVariantGroup;
			children = (
				F11F33491E702E2D00E8B77E /* Base */,
			);
			name = LaunchScreen.storyboard;
			sourceTree = "<group>";
		};
/* End PBXVariantGroup section */

/* Begin XCBuildConfiguration section */
		F11F334C1E702E2D00E8B77E /* Debug */ = {
			isa = XCBuildConfiguration;
			buildSettings = {
				ALWAYS_SEARCH_USER_PATHS = NO;
				CLANG_ANALYZER_NONNULL = YES;
				CLANG_CXX_LANGUAGE_STANDARD = "gnu++0x";
				CLANG_CXX_LIBRARY = "libc++";
				CLANG_ENABLE_MODULES = YES;
				CLANG_ENABLE_OBJC_ARC = YES;
				CLANG_WARN_BOOL_CONVERSION = YES;
				CLANG_WARN_CONSTANT_CONVERSION = YES;
				CLANG_WARN_DIRECT_OBJC_ISA_USAGE = YES_ERROR;
				CLANG_WARN_DOCUMENTATION_COMMENTS = YES;
				CLANG_WARN_EMPTY_BODY = YES;
				CLANG_WARN_ENUM_CONVERSION = YES;
				CLANG_WARN_INFINITE_RECURSION = YES;
				CLANG_WARN_INT_CONVERSION = YES;
				CLANG_WARN_OBJC_ROOT_CLASS = YES_ERROR;
				CLANG_WARN_SUSPICIOUS_MOVE = YES;
				CLANG_WARN_UNREACHABLE_CODE = YES;
				CLANG_WARN__DUPLICATE_METHOD_MATCH = YES;
				"CODE_SIGN_IDENTITY[sdk=iphoneos*]" = "iPhone Developer";
				COPY_PHASE_STRIP = NO;
				DEBUG_INFORMATION_FORMAT = dwarf;
				ENABLE_STRICT_OBJC_MSGSEND = YES;
				ENABLE_TESTABILITY = YES;
				GCC_C_LANGUAGE_STANDARD = gnu99;
				GCC_DYNAMIC_NO_PIC = NO;
				GCC_NO_COMMON_BLOCKS = YES;
				GCC_OPTIMIZATION_LEVEL = 0;
				GCC_PREPROCESSOR_DEFINITIONS = (
					"DEBUG=1",
					"$(inherited)",
				);
				GCC_WARN_64_TO_32_BIT_CONVERSION = YES;
				GCC_WARN_ABOUT_RETURN_TYPE = YES_ERROR;
				GCC_WARN_UNDECLARED_SELECTOR = YES;
				GCC_WARN_UNINITIALIZED_AUTOS = YES_AGGRESSIVE;
				GCC_WARN_UNUSED_FUNCTION = YES;
				GCC_WARN_UNUSED_VARIABLE = YES;
				IPHONEOS_DEPLOYMENT_TARGET = 10.2;
				MTL_ENABLE_DEBUG_INFO = YES;
				ONLY_ACTIVE_ARCH = YES;
				SDKROOT = iphoneos;
			};
			name = Debug;
		};
		F11F334D1E702E2D00E8B77E /* Release */ = {
			isa = XCBuildConfiguration;
			buildSettings = {
				ALWAYS_SEARCH_USER_PATHS = NO;
				CLANG_ANALYZER_NONNULL = YES;
				CLANG_CXX_LANGUAGE_STANDARD = "gnu++0x";
				CLANG_CXX_LIBRARY = "libc++";
				CLANG_ENABLE_MODULES = YES;
				CLANG_ENABLE_OBJC_ARC = YES;
				CLANG_WARN_BOOL_CONVERSION = YES;
				CLANG_WARN_CONSTANT_CONVERSION = YES;
				CLANG_WARN_DIRECT_OBJC_ISA_USAGE = YES_ERROR;
				CLANG_WARN_DOCUMENTATION_COMMENTS = YES;
				CLANG_WARN_EMPTY_BODY = YES;
				CLANG_WARN_ENUM_CONVERSION = YES;
				CLANG_WARN_INFINITE_RECURSION = YES;
				CLANG_WARN_INT_CONVERSION = YES;
				CLANG_WARN_OBJC_ROOT_CLASS = YES_ERROR;
				CLANG_WARN_SUSPICIOUS_MOVE = YES;
				CLANG_WARN_UNREACHABLE_CODE = YES;
				CLANG_WARN__DUPLICATE_METHOD_MATCH = YES;
				"CODE_SIGN_IDENTITY[sdk=iphoneos*]" = "iPhone Developer";
				COPY_PHASE_STRIP = NO;
				DEBUG_INFORMATION_FORMAT = "dwarf-with-dsym";
				ENABLE_NS_ASSERTIONS = NO;
				ENABLE_STRICT_OBJC_MSGSEND = YES;
				GCC_C_LANGUAGE_STANDARD = gnu99;
				GCC_NO_COMMON_BLOCKS = YES;
				GCC_WARN_64_TO_32_BIT_CONVERSION = YES;
				GCC_WARN_ABOUT_RETURN_TYPE = YES_ERROR;
				GCC_WARN_UNDECLARED_SELECTOR = YES;
				GCC_WARN_UNINITIALIZED_AUTOS = YES_AGGRESSIVE;
				GCC_WARN_UNUSED_FUNCTION = YES;
				GCC_WARN_UNUSED_VARIABLE = YES;
				IPHONEOS_DEPLOYMENT_TARGET = 10.2;
				MTL_ENABLE_DEBUG_INFO = NO;
				SDKROOT = iphoneos;
				VALIDATE_PRODUCT = YES;
			};
			name = Release;
		};
		F11F334F1E702E2D00E8B77E /* Debug */ = {
			isa = XCBuildConfiguration;
			buildSettings = {
				ASSETCATALOG_COMPILER_APPICON_NAME = AppIcon;
				INFOPLIST_FILE = TestPodFileDemo/Info.plist;
				LD_RUNPATH_SEARCH_PATHS = "$(inherited) @executable_path/Frameworks";
				PRODUCT_BUNDLE_IDENTIFIER = BBAE.TestPodFileDemo;
				PRODUCT_NAME = "$(TARGET_NAME)";
			};
			name = Debug;
		};
		F11F33501E702E2D00E8B77E /* Release */ = {
			isa = XCBuildConfiguration;
			buildSettings = {
				ASSETCATALOG_COMPILER_APPICON_NAME = AppIcon;
				INFOPLIST_FILE = TestPodFileDemo/Info.plist;
				LD_RUNPATH_SEARCH_PATHS = "$(inherited) @executable_path/Frameworks";
				PRODUCT_BUNDLE_IDENTIFIER = BBAE.TestPodFileDemo;
				PRODUCT_NAME = "$(TARGET_NAME)";
			};
			name = Release;
		};
/* End XCBuildConfiguration section */

/* Begin XCConfigurationList section */
		F11F33321E702E2D00E8B77E /* Build configuration list for PBXProject "TestPodFileDemo" */ = {
			isa = XCConfigurationList;
			buildConfigurations = (
				F11F334C1E702E2D00E8B77E /* Debug */,
				F11F334D1E702E2D00E8B77E /* Release */,
			);
			defaultConfigurationIsVisible = 0;
			defaultConfigurationName = Release;
		};
		F11F334E1E702E2D00E8B77E /* Build configuration list for PBXNativeTarget "TestPodFileDemo" */ = {
			isa = XCConfigurationList;
			buildConfigurations = (
				F11F334F1E702E2D00E8B77E /* Debug */,
				F11F33501E702E2D00E8B77E /* Release */,
			);
			defaultConfigurationIsVisible = 0;
		};
/* End XCConfigurationList section */
	};
	rootObject = F11F332F1E702E2D00E8B77E /* Project object */;
}
